
Microsoft Visual Studio Solution File, Format Version 12.00
# Visual Studio Version 16
VisualStudioVersion = 16.0.30804.86
MinimumVisualStudioVersion = 10.0.40219.1
Project("{FAE04EC0-301F-11D3-BF4B-00C04F79EFBC}") = "FightingGameTuto", "FightingGameTuto.csproj", "{4DEBF2BA-984F-4194-8742-D63E9B550496}"
EndProject
Global
	GlobalSection(SolutionConfigurationPlatforms) = preSolution
		Debug|Any CPU = Debug|Any CPU
		Release|Any CPU = Release|Any CPU
	EndGlobalSection
	GlobalSection(ProjectConfigurationPlatforms) = postSolution
		{4DEBF2BA-984F-4194-8742-D63E9B550496}.Debug|Any CPU.ActiveCfg = Debug|Any CPU
		{4DEBF2BA-984F-4194-8742-D63E9B550496}.Debug|Any CPU.Build.0 = Debug|Any CPU
		{4DEBF2BA-984F-4194-8742-D63E9B550496}.Release|Any CPU.ActiveCfg = Release|Any CPU
		{4DEBF2BA-984F-4194-8742-D63E9B550496}.Release|Any CPU.Build.0 = Release|Any CPU
	EndGlobalSection
	GlobalSection(SolutionProperties) = preSolution
		HideSolutionNode = FALSE
	EndGlobalSection
	GlobalSection(ExtensibilityGlobals) = postSolution
		SolutionGuid = {70321B29-427E-4440-B940-3590A35EE80C}
	EndGlobalSection
EndGlobal
